// !$*UTF8*$!
{
	archiveVersion = 1;
	classes = {
	};
	objectVersion = 55;
	objects = {

/* Begin PBXBuildFile section */
		365E88EC5AF2361CF299527B /* Pods_CalendarDemo.framework in Frameworks */ = {isa = PBXBuildFile; fileRef = B7BF82969E6FC571091FF289 /* Pods_CalendarDemo.framework */; };
		810981FA2743BFAC0085BE1F /* AppDelegate.swift in Sources */ = {isa = PBXBuildFile; fileRef = 810981F92743BFAC0085BE1F /* AppDelegate.swift */; };
		810981FE2743BFAC0085BE1F /* ViewController.swift in Sources */ = {isa = PBXBuildFile; fileRef = 810981FD2743BFAC0085BE1F /* ViewController.swift */; };
		810982012743BFAC0085BE1F /* Main.storyboard in Resources */ = {isa = PBXBuildFile; fileRef = 810981FF2743BFAC0085BE1F /* Main.storyboard */; };
		810982032743BFAE0085BE1F /* Assets.xcassets in Resources */ = {isa = PBXBuildFile; fileRef = 810982022743BFAE0085BE1F /* Assets.xcassets */; };
		810982062743BFAE0085BE1F /* LaunchScreen.storyboard in Resources */ = {isa = PBXBuildFile; fileRef = 810982042743BFAE0085BE1F /* LaunchScreen.storyboard */; };
		8124E8BB2745E98A0078129E /* CalendarSymbolsView.swift in Sources */ = {isa = PBXBuildFile; fileRef = 8124E8BA2745E98A0078129E /* CalendarSymbolsView.swift */; };
		8124E8BD2745EE490078129E /* CalendarStyle.swift in Sources */ = {isa = PBXBuildFile; fileRef = 8124E8BC2745EE490078129E /* CalendarStyle.swift */; };
		8124E8BF2745F7F00078129E /* CalendarDateModel.swift in Sources */ = {isa = PBXBuildFile; fileRef = 8124E8BE2745F7F00078129E /* CalendarDateModel.swift */; };
		8124E8C1274600E00078129E /* CalendarDateCell.swift in Sources */ = {isa = PBXBuildFile; fileRef = 8124E8C0274600E00078129E /* CalendarDateCell.swift */; };
		816451972744925600DDB346 /* TSCalendarExtensions.swift in Sources */ = {isa = PBXBuildFile; fileRef = 816451962744925600DDB346 /* TSCalendarExtensions.swift */; };
		816451992744B40C00DDB346 /* CalendarView.swift in Sources */ = {isa = PBXBuildFile; fileRef = 816451982744B40C00DDB346 /* CalendarView.swift */; };
/* End PBXBuildFile section */

/* Begin PBXFileReference section */
		810981F62743BFAC0085BE1F /* CalendarDemo.app */ = {isa = PBXFileReference; explicitFileType = wrapper.application; includeInIndex = 0; path = CalendarDemo.app; sourceTree = BUILT_PRODUCTS_DIR; };
		810981F92743BFAC0085BE1F /* AppDelegate.swift */ = {isa = PBXFileReference; lastKnownFileType = sourcecode.swift; path = AppDelegate.swift; sourceTree = "<group>"; };
		810981FD2743BFAC0085BE1F /* ViewController.swift */ = {isa = PBXFileReference; lastKnownFileType = sourcecode.swift; path = ViewController.swift; sourceTree = "<group>"; };
		810982002743BFAC0085BE1F /* Base */ = {isa = PBXFileReference; lastKnownFileType = file.storyboard; name = Base; path = Base.lproj/Main.storyboard; sourceTree = "<group>"; };
		810982022743BFAE0085BE1F /* Assets.xcassets */ = {isa = PBXFileReference; lastKnownFileType = folder.assetcatalog; path = Assets.xcassets; sourceTree = "<group>"; };
		810982052743BFAE0085BE1F /* Base */ = {isa = PBXFileReference; lastKnownFileType = file.storyboard; name = Base; path = Base.lproj/LaunchScreen.storyboard; sourceTree = "<group>"; };
		810982072743BFAE0085BE1F /* Info.plist */ = {isa = PBXFileReference; lastKnownFileType = text.plist.xml; path = Info.plist; sourceTree = "<group>"; };
		8124E8BA2745E98A0078129E /* CalendarSymbolsView.swift */ = {isa = PBXFileReference; lastKnownFileType = sourcecode.swift; path = CalendarSymbolsView.swift; sourceTree = "<group>"; };
		8124E8BC2745EE490078129E /* CalendarStyle.swift */ = {isa = PBXFileReference; lastKnownFileType = sourcecode.swift; path = CalendarStyle.swift; sourceTree = "<group>"; };
		8124E8BE2745F7F00078129E /* CalendarDateModel.swift */ = {isa = PBXFileReference; lastKnownFileType = sourcecode.swift; path = CalendarDateModel.swift; sourceTree = "<group>"; };
		8124E8C0274600E00078129E /* CalendarDateCell.swift */ = {isa = PBXFileReference; lastKnownFileType = sourcecode.swift; path = CalendarDateCell.swift; sourceTree = "<group>"; };
		816451962744925600DDB346 /* TSCalendarExtensions.swift */ = {isa = PBXFileReference; lastKnownFileType = sourcecode.swift; path = TSCalendarExtensions.swift; sourceTree = "<group>"; };
		816451982744B40C00DDB346 /* CalendarView.swift */ = {isa = PBXFileReference; lastKnownFileType = sourcecode.swift; path = CalendarView.swift; sourceTree = "<group>"; };
		883EC4D8911A1CDF9AD97827 /* Pods-CalendarDemo.release.xcconfig */ = {isa = PBXFileReference; includeInIndex = 1; lastKnownFileType = text.xcconfig; name = "Pods-CalendarDemo.release.xcconfig"; path = "Target Support Files/Pods-CalendarDemo/Pods-CalendarDemo.release.xcconfig"; sourceTree = "<group>"; };
		B23DA8BD628EB734A59C6488 /* Pods-CalendarDemo.debug.xcconfig */ = {isa = PBXFileReference; includeInIndex = 1; lastKnownFileType = text.xcconfig; name = "Pods-CalendarDemo.debug.xcconfig"; path = "Target Support Files/Pods-CalendarDemo/Pods-CalendarDemo.debug.xcconfig"; sourceTree = "<group>"; };
		B7BF82969E6FC571091FF289 /* Pods_CalendarDemo.framework */ = {isa = PBXFileReference; explicitFileType = wrapper.framework; includeInIndex = 0; path = Pods_CalendarDemo.framework; sourceTree = BUILT_PRODUCTS_DIR; };
/* End PBXFileReference section */

/* Begin PBXFrameworksBuildPhase section */
		810981F32743BFAC0085BE1F /* Frameworks */ = {
			isa = PBXFrameworksBuildPhase;
			buildActionMask = 2147483647;
			files = (
				365E88EC5AF2361CF299527B /* Pods_CalendarDemo.framework in Frameworks */,
			);
			runOnlyForDeploymentPostprocessing = 0;
		};
/* End PBXFrameworksBuildPhase section */

/* Begin PBXGroup section */
		5B963DFE443410DC51EBD7A0 /* Pods */ = {
			isa = PBXGroup;
			children = (
				B23DA8BD628EB734A59C6488 /* Pods-CalendarDemo.debug.xcconfig */,
				883EC4D8911A1CDF9AD97827 /* Pods-CalendarDemo.release.xcconfig */,
			);
			path = Pods;
			sourceTree = "<group>";
		};
		810981ED2743BFAB0085BE1F = {
			isa = PBXGroup;
			children = (
				810981F82743BFAC0085BE1F /* CalendarDemo */,
				810981F72743BFAC0085BE1F /* Products */,
				5B963DFE443410DC51EBD7A0 /* Pods */,
				94368FB00AFE46C0287FE4AE /* Frameworks */,
			);
			sourceTree = "<group>";
		};
		810981F72743BFAC0085BE1F /* Products */ = {
			isa = PBXGroup;
			children = (
				810981F62743BFAC0085BE1F /* CalendarDemo.app */,
			);
			name = Products;
			sourceTree = "<group>";
		};
		810981F82743BFAC0085BE1F /* CalendarDemo */ = {
			isa = PBXGroup;
			children = (
				810981F92743BFAC0085BE1F /* AppDelegate.swift */,
				810981FD2743BFAC0085BE1F /* ViewController.swift */,
				8124E8BC2745EE490078129E /* CalendarStyle.swift */,
				8124E8BE2745F7F00078129E /* CalendarDateModel.swift */,
				8124E8BA2745E98A0078129E /* CalendarSymbolsView.swift */,
				816451982744B40C00DDB346 /* CalendarView.swift */,
				8124E8C0274600E00078129E /* CalendarDateCell.swift */,
				816451962744925600DDB346 /* TSCalendarExtensions.swift */,
				810981FF2743BFAC0085BE1F /* Main.storyboard */,
				810982022743BFAE0085BE1F /* Assets.xcassets */,
				810982042743BFAE0085BE1F /* LaunchScreen.storyboard */,
				810982072743BFAE0085BE1F /* Info.plist */,
			);
			path = CalendarDemo;
			sourceTree = "<group>";
		};
		94368FB00AFE46C0287FE4AE /* Frameworks */ = {
			isa = PBXGroup;
			children = (
				B7BF82969E6FC571091FF289 /* Pods_CalendarDemo.framework */,
			);
			name = Frameworks;
			sourceTree = "<group>";
		};
/* End PBXGroup section */

/* Begin PBXNativeTarget section */
		810981F52743BFAC0085BE1F /* CalendarDemo */ = {
			isa = PBXNativeTarget;
			buildConfigurationList = 8109820A2743BFAE0085BE1F /* Build configuration list for PBXNativeTarget "CalendarDemo" */;
			buildPhases = (
				60962F8FBBE7387B3FD240FF /* [CP] Check Pods Manifest.lock */,
				810981F22743BFAC0085BE1F /* Sources */,
				810981F32743BFAC0085BE1F /* Frameworks */,
				810981F42743BFAC0085BE1F /* Resources */,
				9AC77EFD337BCB5C30465DAF /* [CP] Embed Pods Frameworks */,
			);
			buildRules = (
			);
			dependencies = (
			);
			name = CalendarDemo;
			productName = CalendarDemo;
			productReference = 810981F62743BFAC0085BE1F /* CalendarDemo.app */;
			productType = "com.apple.product-type.application";
		};
/* End PBXNativeTarget section */

/* Begin PBXProject section */
		810981EE2743BFAB0085BE1F /* Project object */ = {
			isa = PBXProject;
			attributes = {
				BuildIndependentTargetsInParallel = 1;
				LastSwiftUpdateCheck = 1310;
				LastUpgradeCheck = 1310;
				TargetAttributes = {
					810981F52743BFAC0085BE1F = {
						CreatedOnToolsVersion = 13.1;
					};
				};
			};
			buildConfigurationList = 810981F12743BFAB0085BE1F /* Build configuration list for PBXProject "CalendarDemo" */;
			compatibilityVersion = "Xcode 13.0";
			developmentRegion = en;
			hasScannedForEncodings = 0;
			knownRegions = (
				en,
				Base,
			);
			mainGroup = 810981ED2743BFAB0085BE1F;
			productRefGroup = 810981F72743BFAC0085BE1F /* Products */;
			projectDirPath = "";
			projectRoot = "";
			targets = (
				810981F52743BFAC0085BE1F /* CalendarDemo */,
			);
		};
/* End PBXProject section */

/* Begin PBXResourcesBuildPhase section */
		810981F42743BFAC0085BE1F /* Resources */ = {
			isa = PBXResourcesBuildPhase;
			buildActionMask = 2147483647;
			files = (
				810982062743BFAE0085BE1F /* LaunchScreen.storyboard in Resources */,
				810982032743BFAE0085BE1F /* Assets.xcassets in Resources */,
				810982012743BFAC0085BE1F /* Main.storyboard in Resources */,
			);
			runOnlyForDeploymentPostprocessing = 0;
		};
/* End PBXResourcesBuildPhase section */

/* Begin PBXShellScriptBuildPhase section */
		60962F8FBBE7387B3FD240FF /* [CP] Check Pods Manifest.lock */ = {
			isa = PBXShellScriptBuildPhase;
			buildActionMask = 2147483647;
			files = (
			);
			inputFileListPaths = (
			);
			inputPaths = (
				"${PODS_PODFILE_DIR_PATH}/Podfile.lock",
				"${PODS_ROOT}/Manifest.lock",
			);
			name = "[CP] Check Pods Manifest.lock";
			outputFileListPaths = (
			);
			outputPaths = (
				"$(DERIVED_FILE_DIR)/Pods-CalendarDemo-checkManifestLockResult.txt",
			);
			runOnlyForDeploymentPostprocessing = 0;
			shellPath = /bin/sh;
			shellScript = "diff \"${PODS_PODFILE_DIR_PATH}/Podfile.lock\" \"${PODS_ROOT}/Manifest.lock\" > /dev/null\nif [ $? != 0 ] ; then\n    # print error to STDERR\n    echo \"error: The sandbox is not in sync with the Podfile.lock. Run 'pod install' or update your CocoaPods installation.\" >&2\n    exit 1\nfi\n# This output is used by Xcode 'outputs' to avoid re-running this script phase.\necho \"SUCCESS\" > \"${SCRIPT_OUTPUT_FILE_0}\"\n";
			showEnvVarsInLog = 0;
		};
		9AC77EFD337BCB5C30465DAF /* [CP] Embed Pods Frameworks */ = {
			isa = PBXShellScriptBuildPhase;
			buildActionMask = 2147483647;
			files = (
			);
			inputFileListPaths = (
				"${PODS_ROOT}/Target Support Files/Pods-CalendarDemo/Pods-CalendarDemo-frameworks-${CONFIGURATION}-input-files.xcfilelist",
			);
			name = "[CP] Embed Pods Frameworks";
			outputFileListPaths = (
				"${PODS_ROOT}/Target Support Files/Pods-CalendarDemo/Pods-CalendarDemo-frameworks-${CONFIGURATION}-output-files.xcfilelist",
			);
			runOnlyForDeploymentPostprocessing = 0;
			shellPath = /bin/sh;
			shellScript = "\"${PODS_ROOT}/Target Support Files/Pods-CalendarDemo/Pods-CalendarDemo-frameworks.sh\"\n";
			showEnvVarsInLog = 0;
		};
/* End PBXShellScriptBuildPhase section */

/* Begin PBXSourcesBuildPhase section */
		810981F22743BFAC0085BE1F /* Sources */ = {
			isa = PBXSourcesBuildPhase;
			buildActionMask = 2147483647;
			files = (
				810981FE2743BFAC0085BE1F /* ViewController.swift in Sources */,
				8124E8C1274600E00078129E /* CalendarDateCell.swift in Sources */,
				810981FA2743BFAC0085BE1F /* AppDelegate.swift in Sources */,
				816451992744B40C00DDB346 /* CalendarView.swift in Sources */,
				8124E8BB2745E98A0078129E /* CalendarSymbolsView.swift in Sources */,
				8124E8BD2745EE490078129E /* CalendarStyle.swift in Sources */,
				8124E8BF2745F7F00078129E /* CalendarDateModel.swift in Sources */,
				816451972744925600DDB346 /* TSCalendarExtensions.swift in Sources */,
			);
			runOnlyForDeploymentPostprocessing = 0;
		};
/* End PBXSourcesBuildPhase section */

/* Begin PBXVariantGroup section */
		810981FF2743BFAC0085BE1F /* Main.storyboard */ = {
			isa = PBXVariantGroup;
			children = (
				810982002743BFAC0085BE1F /* Base */,
			);
			name = Main.storyboard;
			sourceTree = "<group>";
		};
		810982042743BFAE0085BE1F /* LaunchScreen.storyboard */ = {
			isa = PBXVariantGroup;
			children = (
				810982052743BFAE0085BE1F /* Base */,
			);
			name = LaunchScreen.storyboard;
			sourceTree = "<group>";
		};
/* End PBXVariantGroup section */

/* Begin XCBuildConfiguration section */
		810982082743BFAE0085BE1F /* Debug */ = {
			isa = XCBuildConfiguration;
			buildSettings = {
				ALWAYS_SEARCH_USER_PATHS = NO;
				CLANG_ANALYZER_NONNULL = YES;
				CLANG_ANALYZER_NUMBER_OBJECT_CONVERSION = YES_AGGRESSIVE;
				CLANG_CXX_LANGUAGE_STANDARD = "gnu++17";
				CLANG_CXX_LIBRARY = "libc++";
				CLANG_ENABLE_MODULES = YES;
				CLANG_ENABLE_OBJC_ARC = YES;
				CLANG_ENABLE_OBJC_WEAK = YES;
				CLANG_WARN_BLOCK_CAPTURE_AUTORELEASING = YES;
				CLANG_WARN_BOOL_CONVERSION = YES;
				CLANG_WARN_COMMA = YES;
				CLANG_WARN_CONSTANT_CONVERSION = YES;
				CLANG_WARN_DEPRECATED_OBJC_IMPLEMENTATIONS = YES;
				CLANG_WARN_DIRECT_OBJC_ISA_USAGE = YES_ERROR;
				CLANG_WARN_DOCUMENTATION_COMMENTS = YES;
				CLANG_WARN_EMPTY_BODY = YES;
				CLANG_WARN_ENUM_CONVERSION = YES;
				CLANG_WARN_INFINITE_RECURSION = YES;
				CLANG_WARN_INT_CONVERSION = YES;
				CLANG_WARN_NON_LITERAL_NULL_CONVERSION = YES;
				CLANG_WARN_OBJC_IMPLICIT_RETAIN_SELF = YES;
				CLANG_WARN_OBJC_LITERAL_CONVERSION = YES;
				CLANG_WARN_OBJC_ROOT_CLASS = YES_ERROR;
				CLANG_WARN_QUOTED_INCLUDE_IN_FRAMEWORK_HEADER = YES;
				CLANG_WARN_RANGE_LOOP_ANALYSIS = YES;
				CLANG_WARN_STRICT_PROTOTYPES = YES;
				CLANG_WARN_SUSPICIOUS_MOVE = YES;
				CLANG_WARN_UNGUARDED_AVAILABILITY = YES_AGGRESSIVE;
				CLANG_WARN_UNREACHABLE_CODE = YES;
				CLANG_WARN__DUPLICATE_METHOD_MATCH = YES;
				COPY_PHASE_STRIP = NO;
				DEBUG_INFORMATION_FORMAT = dwarf;
				ENABLE_STRICT_OBJC_MSGSEND = YES;
				ENABLE_TESTABILITY = YES;
				GCC_C_LANGUAGE_STANDARD = gnu11;
				GCC_DYNAMIC_NO_PIC = NO;
				GCC_NO_COMMON_BLOCKS = YES;
				GCC_OPTIMIZATION_LEVEL = 0;
				GCC_PREPROCESSOR_DEFINITIONS = (
					"DEBUG=1",
					"$(inherited)",
				);
				GCC_WARN_64_TO_32_BIT_CONVERSION = YES;
				GCC_WARN_ABOUT_RETURN_TYPE = YES_ERROR;
				GCC_WARN_UNDECLARED_SELECTOR = YES;
				GCC_WARN_UNINITIALIZED_AUTOS = YES_AGGRESSIVE;
				GCC_WARN_UNUSED_FUNCTION = YES;
				GCC_WARN_UNUSED_VARIABLE = YES;
				IPHONEOS_DEPLOYMENT_TARGET = 10.0;
				MTL_ENABLE_DEBUG_INFO = INCLUDE_SOURCE;
				MTL_FAST_MATH = YES;
				ONLY_ACTIVE_ARCH = YES;
				SDKROOT = iphoneos;
				SWIFT_ACTIVE_COMPILATION_CONDITIONS = DEBUG;
				SWIFT_OPTIMIZATION_LEVEL = "-Onone";
			};
			name = Debug;
		};
		810982092743BFAE0085BE1F /* Release */ = {
			isa = XCBuildConfiguration;
			buildSettings = {
				ALWAYS_SEARCH_USER_PATHS = NO;
				CLANG_ANALYZER_NONNULL = YES;
				CLANG_ANALYZER_NUMBER_OBJECT_CONVERSION = YES_AGGRESSIVE;
				CLANG_CXX_LANGUAGE_STANDARD = "gnu++17";
				CLANG_CXX_LIBRARY = "libc++";
				CLANG_ENABLE_MODULES = YES;
				CLANG_ENABLE_OBJC_ARC = YES;
				CLANG_ENABLE_OBJC_WEAK = YES;
				CLANG_WARN_BLOCK_CAPTURE_AUTORELEASING = YES;
				CLANG_WARN_BOOL_CONVERSION = YES;
				CLANG_WARN_COMMA = YES;
				CLANG_WARN_CONSTANT_CONVERSION = YES;
				CLANG_WARN_DEPRECATED_OBJC_IMPLEMENTATIONS = YES;
				CLANG_WARN_DIRECT_OBJC_ISA_USAGE = YES_ERROR;
				CLANG_WARN_DOCUMENTATION_COMMENTS = YES;
				CLANG_WARN_EMPTY_BODY = YES;
				CLANG_WARN_ENUM_CONVERSION = YES;
				CLANG_WARN_INFINITE_RECURSION = YES;
				CLANG_WARN_INT_CONVERSION = YES;
				CLANG_WARN_NON_LITERAL_NULL_CONVERSION = YES;
				CLANG_WARN_OBJC_IMPLICIT_RETAIN_SELF = YES;
				CLANG_WARN_OBJC_LITERAL_CONVERSION = YES;
				CLANG_WARN_OBJC_ROOT_CLASS = YES_ERROR;
				CLANG_WARN_QUOTED_INCLUDE_IN_FRAMEWORK_HEADER = YES;
				CLANG_WARN_RANGE_LOOP_ANALYSIS = YES;
				CLANG_WARN_STRICT_PROTOTYPES = YES;
				CLANG_WARN_SUSPICIOUS_MOVE = YES;
				CLANG_WARN_UNGUARDED_AVAILABILITY = YES_AGGRESSIVE;
				CLANG_WARN_UNREACHABLE_CODE = YES;
				CLANG_WARN__DUPLICATE_METHOD_MATCH = YES;
				COPY_PHASE_STRIP = NO;
				DEBUG_INFORMATION_FORMAT = "dwarf-with-dsym";
				ENABLE_NS_ASSERTIONS = NO;
				ENABLE_STRICT_OBJC_MSGSEND = YES;
				GCC_C_LANGUAGE_STANDARD = gnu11;
				GCC_NO_COMMON_BLOCKS = YES;
				GCC_WARN_64_TO_32_BIT_CONVERSION = YES;
				GCC_WARN_ABOUT_RETURN_TYPE = YES_ERROR;
				GCC_WARN_UNDECLARED_SELECTOR = YES;
				GCC_WARN_UNINITIALIZED_AUTOS = YES_AGGRESSIVE;
				GCC_WARN_UNUSED_FUNCTION = YES;
				GCC_WARN_UNUSED_VARIABLE = YES;
				IPHONEOS_DEPLOYMENT_TARGET = 10.0;
				MTL_ENABLE_DEBUG_INFO = NO;
				MTL_FAST_MATH = YES;
				SDKROOT = iphoneos;
				SWIFT_COMPILATION_MODE = wholemodule;
				SWIFT_OPTIMIZATION_LEVEL = "-O";
				VALIDATE_PRODUCT = YES;
			};
			name = Release;
		};
		8109820B2743BFAE0085BE1F /* Debug */ = {
			isa = XCBuildConfiguration;
			baseConfigurationReference = B23DA8BD628EB734A59C6488 /* Pods-CalendarDemo.debug.xcconfig */;
			buildSettings = {
				ASSETCATALOG_COMPILER_APPICON_NAME = AppIcon;
				ASSETCATALOG_COMPILER_GLOBAL_ACCENT_COLOR_NAME = AccentColor;
				CODE_SIGN_STYLE = Automatic;
				CURRENT_PROJECT_VERSION = 1;
				DEVELOPMENT_TEAM = 976NLVLZMW;
				GENERATE_INFOPLIST_FILE = YES;
				INFOPLIST_FILE = CalendarDemo/Info.plist;
				INFOPLIST_KEY_UIApplicationSupportsIndirectInputEvents = YES;
				INFOPLIST_KEY_UILaunchStoryboardName = LaunchScreen;
				INFOPLIST_KEY_UIMainStoryboardFile = Main;
				INFOPLIST_KEY_UISupportedInterfaceOrientations_iPad = "UIInterfaceOrientationPortrait UIInterfaceOrientationPortraitUpsideDown UIInterfaceOrientationLandscapeLeft UIInterfaceOrientationLandscapeRight";
				INFOPLIST_KEY_UISupportedInterfaceOrientations_iPhone = "UIInterfaceOrientationPortrait UIInterfaceOrientationLandscapeLeft UIInterfaceOrientationLandscapeRight";
				IPHONEOS_DEPLOYMENT_TARGET = 10.0;
				LD_RUNPATH_SEARCH_PATHS = (
					"$(inherited)",
					"@executable_path/Frameworks",
				);
				MARKETING_VERSION = 1.0;
				PRODUCT_BUNDLE_IDENTIFIER = com.hanin.CalendarDemo;
				PRODUCT_NAME = "$(TARGET_NAME)";
				SWIFT_EMIT_LOC_STRINGS = YES;
				SWIFT_VERSION = 5.0;
				TARGETED_DEVICE_FAMILY = "1,2";
			};
			name = Debug;
		};
		8109820C2743BFAE0085BE1F /* Release */ = {
			isa = XCBuildConfiguration;
			baseConfigurationReference = 883EC4D8911A1CDF9AD97827 /* Pods-CalendarDemo.release.xcconfig */;
			buildSettings = {
				ASSETCATALOG_COMPILER_APPICON_NAME = AppIcon;
				ASSETCATALOG_COMPILER_GLOBAL_ACCENT_COLOR_NAME = AccentColor;
				CODE_SIGN_STYLE = Automatic;
				CURRENT_PROJECT_VERSION = 1;
				DEVELOPMENT_TEAM = 976NLVLZMW;
				GENERATE_INFOPLIST_FILE = YES;
				INFOPLIST_FILE = CalendarDemo/Info.plist;
				INFOPLIST_KEY_UIApplicationSupportsIndirectInputEvents = YES;
				INFOPLIST_KEY_UILaunchStoryboardName = LaunchScreen;
				INFOPLIST_KEY_UIMainStoryboardFile = Main;
				INFOPLIST_KEY_UISupportedInterfaceOrientations_iPad = "UIInterfaceOrientationPortrait UIInterfaceOrientationPortraitUpsideDown UIInterfaceOrientationLandscapeLeft UIInterfaceOrientationLandscapeRight";
				INFOPLIST_KEY_UISupportedInterfaceOrientations_iPhone = "UIInterfaceOrientationPortrait UIInterfaceOrientationLandscapeLeft UIInterfaceOrientationLandscapeRight";
				IPHONEOS_DEPLOYMENT_TARGET = 10.0;
				LD_RUNPATH_SEARCH_PATHS = (
					"$(inherited)",
					"@executable_path/Frameworks",
				);
				MARKETING_VERSION = 1.0;
				PRODUCT_BUNDLE_IDENTIFIER = com.hanin.CalendarDemo;
				PRODUCT_NAME = "$(TARGET_NAME)";
				SWIFT_EMIT_LOC_STRINGS = YES;
				SWIFT_VERSION = 5.0;
				TARGETED_DEVICE_FAMILY = "1,2";
			};
			name = Release;
		};
/* End XCBuildConfiguration section */

/* Begin XCConfigurationList section */
		810981F12743BFAB0085BE1F /* Build configuration list for PBXProject "CalendarDemo" */ = {
			isa = XCConfigurationList;
			buildConfigurations = (
				810982082743BFAE0085BE1F /* Debug */,
				810982092743BFAE0085BE1F /* Release */,
			);
			defaultConfigurationIsVisible = 0;
			defaultConfigurationName = Release;
		};
		8109820A2743BFAE0085BE1F /* Build configuration list for PBXNativeTarget "CalendarDemo" */ = {
			isa = XCConfigurationList;
			buildConfigurations = (
				8109820B2743BFAE0085BE1F /* Debug */,
				8109820C2743BFAE0085BE1F /* Release */,
			);
			defaultConfigurationIsVisible = 0;
			defaultConfigurationName = Release;
		};
/* End XCConfigurationList section */
	};
	rootObject = 810981EE2743BFAB0085BE1F /* Project object */;
}
